
Microsoft Visual Studio Solution File, Format Version 12.00
# Visual Studio Version 17
VisualStudioVersion = 17.11.35303.130
MinimumVisualStudioVersion = 10.0.40219.1
Project("{FAE04EC0-301F-11D3-BF4B-00C04F79EFBC}") = "RepositoryPatternEntity", "RepositoryPatternEntity\RepositoryPatternEntity.csproj", "{156FA39D-1651-41BB-9E41-3A4B92595896}"
EndProject
Project("{FAE04EC0-301F-11D3-BF4B-00C04F79EFBC}") = "Domain", "Domain\Domain.csproj", "{500E8122-ACF8-4534-8A10-717186295B52}"
EndProject
Project("{FAE04EC0-301F-11D3-BF4B-00C04F79EFBC}") = "Core", "Core\Core.csproj", "{A7D9C0DB-182B-4DE4-9D85-39ED3D7212C2}"
EndProject
Global
	GlobalSection(SolutionConfigurationPlatforms) = preSolution
		Debug|Any CPU = Debug|Any CPU
		Release|Any CPU = Release|Any CPU
	EndGlobalSection
	GlobalSection(ProjectConfigurationPlatforms) = postSolution
		{156FA39D-1651-41BB-9E41-3A4B92595896}.Debug|Any CPU.ActiveCfg = Debug|Any CPU
		{156FA39D-1651-41BB-9E41-3A4B92595896}.Debug|Any CPU.Build.0 = Debug|Any CPU
		{156FA39D-1651-41BB-9E41-3A4B92595896}.Release|Any CPU.ActiveCfg = Release|Any CPU
		{156FA39D-1651-41BB-9E41-3A4B92595896}.Release|Any CPU.Build.0 = Release|Any CPU
		{500E8122-ACF8-4534-8A10-717186295B52}.Debug|Any CPU.ActiveCfg = Debug|Any CPU
		{500E8122-ACF8-4534-8A10-717186295B52}.Debug|Any CPU.Build.0 = Debug|Any CPU
		{500E8122-ACF8-4534-8A10-717186295B52}.Release|Any CPU.ActiveCfg = Release|Any CPU
		{500E8122-ACF8-4534-8A10-717186295B52}.Release|Any CPU.Build.0 = Release|Any CPU
		{A7D9C0DB-182B-4DE4-9D85-39ED3D7212C2}.Debug|Any CPU.ActiveCfg = Debug|Any CPU
		{A7D9C0DB-182B-4DE4-9D85-39ED3D7212C2}.Debug|Any CPU.Build.0 = Debug|Any CPU
		{A7D9C0DB-182B-4DE4-9D85-39ED3D7212C2}.Release|Any CPU.ActiveCfg = Release|Any CPU
		{A7D9C0DB-182B-4DE4-9D85-39ED3D7212C2}.Release|Any CPU.Build.0 = Release|Any CPU
	EndGlobalSection
	GlobalSection(SolutionProperties) = preSolution
		HideSolutionNode = FALSE
	EndGlobalSection
	GlobalSection(ExtensibilityGlobals) = postSolution
		SolutionGuid = {22890384-A4AE-481E-AA8C-01D23109AD7F}
	EndGlobalSection
EndGlobal
